
Microsoft Visual Studio Solution File, Format Version 12.00
# Visual Studio Version 17
VisualStudioVersion = 17.3.32901.215
MinimumVisualStudioVersion = 10.0.40219.1
Project("{6EC3EE1D-3C4E-46DD-8F32-0CC8E7565705}") = "MyCheckers.Api", "src\Api\MyCheckers.Api.fsproj", "{E3A76BA7-9385-49E2-8557-B3378A37878D}"
EndProject
Project("{6EC3EE1D-3C4E-46DD-8F32-0CC8E7565705}") = "MyCheckers.Domain", "src\Domain\MyCheckers.Domain.fsproj", "{EA592D42-8144-477A-9970-3258807C8178}"
EndProject
Global
	GlobalSection(SolutionConfigurationPlatforms) = preSolution
		Debug|Any CPU = Debug|Any CPU
		Release|Any CPU = Release|Any CPU
	EndGlobalSection
	GlobalSection(ProjectConfigurationPlatforms) = postSolution
		{E3A76BA7-9385-49E2-8557-B3378A37878D}.Debug|Any CPU.ActiveCfg = Debug|Any CPU
		{E3A76BA7-9385-49E2-8557-B3378A37878D}.Debug|Any CPU.Build.0 = Debug|Any CPU
		{E3A76BA7-9385-49E2-8557-B3378A37878D}.Release|Any CPU.ActiveCfg = Release|Any CPU
		{E3A76BA7-9385-49E2-8557-B3378A37878D}.Release|Any CPU.Build.0 = Release|Any CPU
		{EA592D42-8144-477A-9970-3258807C8178}.Debug|Any CPU.ActiveCfg = Debug|Any CPU
		{EA592D42-8144-477A-9970-3258807C8178}.Debug|Any CPU.Build.0 = Debug|Any CPU
		{EA592D42-8144-477A-9970-3258807C8178}.Release|Any CPU.ActiveCfg = Release|Any CPU
		{EA592D42-8144-477A-9970-3258807C8178}.Release|Any CPU.Build.0 = Release|Any CPU
	EndGlobalSection
	GlobalSection(SolutionProperties) = preSolution
		HideSolutionNode = FALSE
	EndGlobalSection
	GlobalSection(ExtensibilityGlobals) = postSolution
		SolutionGuid = {36547127-2524-464E-A9A6-8CFE3F868BEB}
	EndGlobalSection
EndGlobal
